
Microsoft Visual Studio Solution File, Format Version 12.00
# Visual Studio 15
VisualStudioVersion = 15.0.27703.2035
MinimumVisualStudioVersion = 10.0.40219.1
Project("{FAE04EC0-301F-11D3-BF4B-00C04F79EFBC}") = "Engucv33Apps", "Engucv33Apps\Engucv33Apps.csproj", "{8A54A783-3522-4DA5-94A8-0718879BFB6A}"
EndProject
Global
	GlobalSection(SolutionConfigurationPlatforms) = preSolution
		Debug|Any CPU = Debug|Any CPU
		Release|Any CPU = Release|Any CPU
	EndGlobalSection
	GlobalSection(ProjectConfigurationPlatforms) = postSolution
		{8A54A783-3522-4DA5-94A8-0718879BFB6A}.Debug|Any CPU.ActiveCfg = Debug|Any CPU
		{8A54A783-3522-4DA5-94A8-0718879BFB6A}.Debug|Any CPU.Build.0 = Debug|Any CPU
		{8A54A783-3522-4DA5-94A8-0718879BFB6A}.Release|Any CPU.ActiveCfg = Release|Any CPU
		{8A54A783-3522-4DA5-94A8-0718879BFB6A}.Release|Any CPU.Build.0 = Release|Any CPU
	EndGlobalSection
	GlobalSection(SolutionProperties) = preSolution
		HideSolutionNode = FALSE
	EndGlobalSection
	GlobalSection(ExtensibilityGlobals) = postSolution
		SolutionGuid = {1C2D4F27-3512-48EC-A4C2-7595F19638D8}
	EndGlobalSection
EndGlobal
